
Microsoft Visual Studio Solution File, Format Version 12.00
# Visual Studio Version 16
VisualStudioVersion = 16.0.30204.135
MinimumVisualStudioVersion = 10.0.40219.1
Project("{FAE04EC0-301F-11D3-BF4B-00C04F79EFBC}") = "Self Assessment Lab", "Self Assessment Lab\Self Assessment Lab.csproj", "{3E3CAC89-76C9-45AE-8E29-2201443C5B0B}"
EndProject
Global
	GlobalSection(SolutionConfigurationPlatforms) = preSolution
		Debug|Any CPU = Debug|Any CPU
		Release|Any CPU = Release|Any CPU
	EndGlobalSection
	GlobalSection(ProjectConfigurationPlatforms) = postSolution
		{3E3CAC89-76C9-45AE-8E29-2201443C5B0B}.Debug|Any CPU.ActiveCfg = Debug|Any CPU
		{3E3CAC89-76C9-45AE-8E29-2201443C5B0B}.Debug|Any CPU.Build.0 = Debug|Any CPU
		{3E3CAC89-76C9-45AE-8E29-2201443C5B0B}.Release|Any CPU.ActiveCfg = Release|Any CPU
		{3E3CAC89-76C9-45AE-8E29-2201443C5B0B}.Release|Any CPU.Build.0 = Release|Any CPU
	EndGlobalSection
	GlobalSection(SolutionProperties) = preSolution
		HideSolutionNode = FALSE
	EndGlobalSection
	GlobalSection(ExtensibilityGlobals) = postSolution
		SolutionGuid = {3E3887F8-BE90-4675-869B-774FEF512134}
	EndGlobalSection
EndGlobal
