
Microsoft Visual Studio Solution File, Format Version 12.00
# Visual Studio Version 16
VisualStudioVersion = 16.0.30204.135
MinimumVisualStudioVersion = 10.0.40219.1
Project("{FAE04EC0-301F-11D3-BF4B-00C04F79EFBC}") = "Mod2_Lab1", "Mod2_Lab1\Mod2_Lab1.csproj", "{F0D4A80B-D52F-492B-81A5-73633A928E1D}"
EndProject
Global
	GlobalSection(SolutionConfigurationPlatforms) = preSolution
		Debug|Any CPU = Debug|Any CPU
		Release|Any CPU = Release|Any CPU
	EndGlobalSection
	GlobalSection(ProjectConfigurationPlatforms) = postSolution
		{F0D4A80B-D52F-492B-81A5-73633A928E1D}.Debug|Any CPU.ActiveCfg = Debug|Any CPU
		{F0D4A80B-D52F-492B-81A5-73633A928E1D}.Debug|Any CPU.Build.0 = Debug|Any CPU
		{F0D4A80B-D52F-492B-81A5-73633A928E1D}.Release|Any CPU.ActiveCfg = Release|Any CPU
		{F0D4A80B-D52F-492B-81A5-73633A928E1D}.Release|Any CPU.Build.0 = Release|Any CPU
	EndGlobalSection
	GlobalSection(SolutionProperties) = preSolution
		HideSolutionNode = FALSE
	EndGlobalSection
	GlobalSection(ExtensibilityGlobals) = postSolution
		SolutionGuid = {B9C2A346-65BF-4871-87AA-B11E85E14EBB}
	EndGlobalSection
EndGlobal
